{
    "_meta": {
        "hash": {
            "sha256": "9c70c3a8d4a6f205821caa9862a604eac48ec7bc7273b9dc9e3f2fd3ee4223b9"
        },
        "pipfile-spec": 6,
        "requires": {
            "python_version": "2.7"
        },
        "sources": [
            {
                "name": "pypi",
                "url": "https://pypi.python.org/simple",
                "verify_ssl": true
            }
        ]
    },
    "default": {
        "alabaster": {
            "hashes": [
                "sha256:446438bdcca0e05bd45ea2de1668c1d9b032e1a9154c2c259092d77031ddd359",
                "sha256:a661d72d58e6ea8a57f7a86e37d86716863ee5e92788398526d58b26a4e4dc02"
            ],
            "version": "==0.7.12"
        },
        "amqp": {
            "hashes": [
                "sha256:073dd02fdd73041bffc913b767866015147b61f2a9bc104daef172fc1a0066eb",
                "sha256:eed41946890cd43e8dee44a316b85cf6fee5a1a34bb4a562b660a358eb529e1b"
            ],
            "version": "==2.3.2"
        },
        "babel": {
            "hashes": [
                "sha256:6778d85147d5d85345c14a26aada5e478ab04e39b078b0745ee6870c2b5cf669",
                "sha256:8cba50f48c529ca3fa18cf81fa9403be176d374ac4d60738b839122dfaaa3d23"
            ],
            "version": "==2.6.0"
        },
        "beautifulsoup4": {
            "hashes": [
                "sha256:194ec62a25438adcb3fdb06378b26559eda1ea8a747367d34c33cef9c7f48d57",
                "sha256:90f8e61121d6ae58362ce3bed8cd997efb00c914eae0ff3d363c32f9a9822d10",
                "sha256:f0abd31228055d698bb392a826528ea08ebb9959e6bea17c606fd9c9009db938"
            ],
            "index": "pypi",
            "version": "==4.6.3"
        },
        "billiard": {
            "hashes": [
                "sha256:ed65448da5877b5558f19d2f7f11f8355ea76b3e63e1c0a6059f47cfae5f1c84"
            ],
            "version": "==3.5.0.4"
        },
        "blinker": {
            "hashes": [
                "sha256:471aee25f3992bd325afa3772f1063dbdbbca947a041b8b89466dc00d606f8b6"
            ],
            "index": "pypi",
            "version": "==1.4"
        },
        "celery": {
            "hashes": [
                "sha256:77dab4677e24dc654d42dfbdfed65fa760455b6bb563a0877ecc35f4cfcfc678",
                "sha256:ad7a7411772b80a4d6c64f2f7f723200e39fb66cf614a7fdfab76d345acc7b13"
            ],
            "index": "pypi",
            "version": "==4.2.1"
        },
        "certifi": {
            "hashes": [
                "sha256:339dc09518b07e2fa7eda5450740925974815557727d6bd35d319c1524a04a4c",
                "sha256:6d58c986d22b038c8c0df30d639f23a3e6d172a05c3583e766f4c0b785c0986a"
            ],
            "version": "==2018.10.15"
        },
        "chardet": {
            "hashes": [
                "sha256:84ab92ed1c4d4f16916e05906b6b75a6c0fb5db821cc65e70cbd64a3e2a5eaae",
                "sha256:fc323ffcaeaed0e0a02bf4d117757b98aed530d9ed4531e3e15460124c106691"
            ],
            "version": "==3.0.4"
        },
        "click": {
            "hashes": [
                "sha256:2335065e6395b9e67ca716de5f7526736bfa6ceead690adf616d925bdc622b13",
                "sha256:5b94b49521f6456670fdb30cd82a4eca9412788a93fa6dd6df72c94d5a8ff2d7"
            ],
            "version": "==7.0"
        },
        "click-plugins": {
            "hashes": [
                "sha256:b1ee1ccc9421c73007fe290680d97984eb6eaf5f4512b7620c6aa46031d6cb6b",
                "sha256:dfed74b5063546a137de99baaaf742b4de4337ad2b3e1df5ec7c8a256adc0847"
            ],
            "version": "==1.0.4"
        },
        "colorama": {
            "hashes": [
                "sha256:a3d89af5db9e9806a779a50296b5fdb466e281147c2c235e8225ecc6dbf7bbf3",
                "sha256:c9b54bebe91a6a803e0772c8561d53f2926bfeb17cd141fbabcb08424086595c"
            ],
            "version": "==0.4.0"
        },
        "cssselect": {
            "hashes": [
                "sha256:066d8bc5229af09617e24b3ca4d52f1f9092d9e061931f4184cd572885c23204",
                "sha256:3b5103e8789da9e936a68d993b70df732d06b8bb9a337a05ed4eb52c17ef7206"
            ],
            "version": "==1.0.3"
        },
        "dnspython": {
            "hashes": [
                "sha256:40f563e1f7a7b80dc5a4e76ad75c23da53d62f1e15e6e517293b04e1f84ead7c",
                "sha256:861e6e58faa730f9845aaaa9c6c832851fbf89382ac52915a51f89c71accdd31"
            ],
            "index": "pypi",
            "version": "==1.15.0"
        },
        "docutils": {
            "hashes": [
                "sha256:02aec4bd92ab067f6ff27a38a38a41173bf01bed8f89157768c1573f53e474a6",
                "sha256:51e64ef2ebfb29cae1faa133b3710143496eca21c530f3f71424d77687764274",
                "sha256:7a4bd47eaf6596e1295ecb11361139febe29b084a87bf005bf899f9a42edc3c6"
            ],
            "version": "==0.14"
        },
        "flask": {
            "hashes": [
                "sha256:2271c0070dbcb5275fad4a82e29f23ab92682dc45f9dfbc22c02ba9b9322ce48",
                "sha256:a080b744b7e345ccfcbc77954861cb05b3c63786e93f2b3875e0913d44b43f05"
            ],
            "version": "==1.0.2"
        },
        "flask-classy": {
            "hashes": [
                "sha256:13c9b4312bff2bf5c6c45ba7d6da46d6bd81724dfc45b598f12438c230583aab"
            ],
            "index": "pypi",
            "version": "==0.6.10"
        },
        "flask-login": {
            "hashes": [
                "sha256:c815c1ac7b3e35e2081685e389a665f2c74d7e077cb93cecabaea352da4752ec"
            ],
            "index": "pypi",
            "version": "==0.4.1"
        },
        "flask-mongoengine": {
            "hashes": [
                "sha256:0f426aeafc4be2c37e9b4c0f8b5d02d012b7afc4b3b97a4119024684fe148fc1",
                "sha256:b6376b33cd1e624c09983a0884dc87303e54084f0e6b7f8df6794d56d35fa66f"
            ],
            "index": "pypi",
            "version": "==0.9.5"
        },
        "flask-negotiation": {
            "hashes": [
                "sha256:a438d0f41b9c8f9da718ae43c281be16148ce145fef75c8a75fdefa0b40e7cb7"
            ],
            "index": "pypi",
            "version": "==0.1.9"
        },
        "flask-wtf": {
            "hashes": [
                "sha256:5d14d55cfd35f613d99ee7cba0fc3fbbe63ba02f544d349158c14ca15561cc36",
                "sha256:d9a9e366b32dcbb98ef17228e76be15702cd2600675668bca23f63a7947fd5ac"
            ],
            "version": "==0.14.2"
        },
        "future": {
            "hashes": [
                "sha256:67045236dcfd6816dc439556d009594abf643e5eb48992e36beac09c2ca659b8"
            ],
            "version": "==0.17.1"
        },
        "geoip2": {
            "hashes": [
                "sha256:a37ddac2d200ffb97c736da8b8ba9d5d8dc47da6ec0f162a461b681ecac53a14",
                "sha256:f7ffe9d258e71a42cf622ce6350d976de1d0312b9f2fbce3975c7d838b57ecf0"
            ],
            "index": "pypi",
            "version": "==2.9.0"
        },
        "html2text": {
            "hashes": [
                "sha256:490db40fe5b2cd79c461cf56be4d39eb8ca68191ae41ba3ba79f6cb05b7dd662",
                "sha256:627514fb30e7566b37be6900df26c2c78a030cc9e6211bda604d8181233bcdd4"
            ],
            "index": "pypi",
            "version": "==2018.1.9"
        },
        "idna": {
            "hashes": [
                "sha256:156a6814fb5ac1fc6850fb002e0852d56c0c8d2531923a51032d1b70760e186e",
                "sha256:684a38a6f903c1d71d6d5fac066b58d7768af4de2b832e426ec79c30daa94a16"
            ],
            "index": "pypi",
            "version": "==2.7"
        },
        "imagesize": {
            "hashes": [
                "sha256:3f349de3eb99145973fefb7dbe38554414e5c30abd0c8e4b970a7c9d09f3a1d8",
                "sha256:f3832918bc3c66617f92e35f5d70729187676313caa60c187eb0f28b8fe5e3b5"
            ],
            "version": "==1.1.0"
        },
        "ipaddr": {
            "hashes": [
                "sha256:4092dfe667588d16aa12b59acb7c8a4024e5dcb23a681cd0b0b602373eca88d6"
            ],
            "markers": "python_version < '3.3'",
            "version": "==2.2.0"
        },
        "ipaddress": {
            "hashes": [
                "sha256:64b28eec5e78e7510698f6d4da08800a5c575caa4a286c93d651c5d3ff7b6794",
                "sha256:b146c751ea45cad6188dd6cf2d9b757f6f4f8d6ffb96a023e6f2e26eea02a72c"
            ],
            "index": "pypi",
            "version": "==1.0.22"
        },
        "iptools": {
            "hashes": [
                "sha256:0f03875a5bed740ba4bf44decb6a78679cca914a1ee8a6cc468114485c4d98e3",
                "sha256:a362d87be06678786c10a1e8519fe31e9062856b463a43ad5e3fe6e1cde8fa10"
            ],
            "index": "pypi",
            "version": "==0.6.1"
        },
        "ipwhois": {
            "hashes": [
                "sha256:1f01f7cf4b4d667df6859e9f52d0971aac830d1e602946b4c02f477a393cb585",
                "sha256:904efbd8d5fbb3319fc7e3aa33923fdd272bb81fd5a04bd56fd9125be6437a71"
            ],
            "index": "pypi",
            "version": "==1.1.0"
        },
        "itsdangerous": {
            "hashes": [
                "sha256:321b033d07f2a4136d3ec762eac9f16a10ccd60f53c0c91af90217ace7ba1f19",
                "sha256:b12271b2047cb23eeb98c8b5622e2e5c5e9abd9784a153e9d8ef9cb4dd09d749"
            ],
            "version": "==1.1.0"
        },
        "jinja2": {
            "hashes": [
                "sha256:74c935a1b8bb9a3947c50a54766a969d4846290e1e788ea44c1392163723c3bd",
                "sha256:f84be1bb0040caca4cea721fcbbbbd61f9be9464ca236387158b0feea01914a4"
            ],
            "version": "==2.10"
        },
        "kombu": {
            "hashes": [
                "sha256:86adec6c60f63124e2082ea8481bbe4ebe04fde8ebed32c177c7f0cd2c1c9082",
                "sha256:b274db3a4eacc4789aeb24e1de3e460586db7c4fc8610f7adcc7a3a1709a60af"
            ],
            "version": "==4.2.1"
        },
        "libmagic": {
            "hashes": [
                "sha256:649f1ce7fb7c92796badbb812555e4a926351da4f5cdf82e810b5cd371aedf8d"
            ],
            "index": "pypi",
            "version": "==1.0"
        },
        "lxml": {
            "hashes": [
                "sha256:02bc220d61f46e9b9d5a53c361ef95e9f5e1d27171cd461dddb17677ae2289a5",
                "sha256:22f253b542a342755f6cfc047fe4d3a296515cf9b542bc6e261af45a80b8caf6",
                "sha256:2f31145c7ff665b330919bfa44aacd3a0211a76ca7e7b441039d2a0b0451e415",
                "sha256:36720698c29e7a9626a0dc802ef8885f8f0239bfd1689628ecd459a061f2807f",
                "sha256:438a1b0203545521f6616132bfe0f4bca86f8a401364008b30e2b26ec408ce85",
                "sha256:4815892904c336bbaf73dafd54f45f69f4021c22b5bad7332176bbf4fb830568",
                "sha256:5be031b0f15ad63910d8e5038b489d95a79929513b3634ad4babf77100602588",
                "sha256:5c93ae37c3c588e829b037fdfbd64a6e40c901d3f93f7beed6d724c44829a3ad",
                "sha256:60842230678674cdac4a1cf0f707ef12d75b9a4fc4a565add4f710b5fcf185d5",
                "sha256:62939a8bb6758d1bf923aa1c13f0bcfa9bf5b2fc0f5fa917a6e25db5fe0cfa4e",
                "sha256:75830c06a62fe7b8fe3bbb5f269f0b308f19f3949ac81cfd40062f47c1455faf",
                "sha256:81992565b74332c7c1aff6a913a3e906771aa81c9d0c68c68113cffcae45bc53",
                "sha256:8c892fb0ee52c594d9a7751c7d7356056a9682674b92cc1c4dc968ff0f30c52f",
                "sha256:9d862e3cf4fc1f2837dedce9c42269c8c76d027e49820a548ac89fdcee1e361f",
                "sha256:a623965c086a6e91bb703d4da62dabe59fe88888e82c4117d544e11fd74835d6",
                "sha256:a7783ab7f6a508b0510490cef9f857b763d796ba7476d9703f89722928d1e113",
                "sha256:aab09fbe8abfa3b9ce62aaf45aca2d28726b1b9ee44871dbe644050a2fff4940",
                "sha256:abf181934ac3ef193832fb973fd7f6149b5c531903c2ec0f1220941d73eee601",
                "sha256:ae07fa0c115733fce1e9da96a3ac3fa24801742ca17e917e0c79d63a01eeb843",
                "sha256:b9c78242219f674ab645ec571c9a95d70f381319a23911941cd2358a8e0521cf",
                "sha256:bccb267678b870d9782c3b44d0cefe3ba0e329f9af8c946d32bf3778e7a4f271",
                "sha256:c4df4d27f4c93b2cef74579f00b1d3a31a929c7d8023f870c4b476f03a274db4",
                "sha256:caf0e50b546bb60dfa99bb18dfa6748458a83131ecdceaf5c071d74907e7e78a",
                "sha256:d3266bd3ac59ac4edcd5fa75165dee80b94a3e5c91049df5f7c057ccf097551c",
                "sha256:db0d213987bcd4e6d41710fb4532b22315b0d8fb439ff901782234456556aed1",
                "sha256:dbbd5cf7690a40a9f0a9325ab480d0fccf46d16b378eefc08e195d84299bfae1",
                "sha256:e16e07a0ec3a75b5ee61f2b1003c35696738f937dc8148fbda9fe2147ccb6e61",
                "sha256:e175a006725c7faadbe69e791877d09936c0ef2cf49d01b60a6c1efcb0e8be6f",
                "sha256:edd9c13a97f6550f9da2236126bb51c092b3b1ce6187f2bd966533ad794bbb5e",
                "sha256:fa39ea60d527fbdd94215b5e5552f1c6a912624521093f1384a491a8ad89ad8b"
            ],
            "index": "pypi",
            "version": "==4.2.5"
        },
        "maclookup": {
            "hashes": [
                "sha256:33bf8eaebe3b1e4ab4ae9277dd93c78024e0ebf6b3c42f76c37695bc26ce287a",
                "sha256:795e792cd3e03c9bdad77e52904d43ff71d3ac03b360443f99d4bae08a6bffef"
            ],
            "index": "pypi",
            "version": "==1.0.3"
        },
        "markupsafe": {
            "hashes": [
                "sha256:a6be69091dac236ea9c6bc7d012beab42010fa914c459791d627dad4910eb665"
            ],
            "version": "==1.0"
        },
        "maxminddb": {
            "hashes": [
                "sha256:df1451bcd848199905ac0de4631b3d02d6a655ad28ba5e5a4ca29a23358db712"
            ],
            "version": "==1.4.1"
        },
        "mongoengine": {
            "hashes": [
                "sha256:1823c17d059779deb0c5e1f8a7fb02f797e676dd0af6275cd860dddca607beca",
                "sha256:2ecc60f50d9f85d4ae7e2e8bd1dc19778af65d2883d5ad6d658d77f1560059d3"
            ],
            "index": "pypi",
            "version": "==0.15.3"
        },
        "packaging": {
            "hashes": [
                "sha256:0886227f54515e592aaa2e5a553332c73962917f2831f1b0f9b9f4380a4b9807",
                "sha256:f95a1e147590f204328170981833854229bb2912ac3d5f89e2a8ccd2834800c9"
            ],
            "version": "==18.0"
        },
        "pdfkit": {
            "hashes": [
                "sha256:05f1c631e8d9ab877886955da825e48b459e097886a21448ab17b34c60cfd66c",
                "sha256:6a866c9659e62a81abd72cdb32b400762d76085b964beb0b15106d573a539677",
                "sha256:ef1da35b78d534197e7ce4a604a4a190e9aa769e56634957535f3479a50d8cd1"
            ],
            "index": "pypi",
            "version": "==0.6.1"
        },
        "pdfminer": {
            "hashes": [
                "sha256:ba187b93056586a14edd5e630cf63ae96b1cc84b611f55dcddbc997316d9f262"
            ],
            "index": "pypi",
            "version": "==20140328"
        },
        "psutil": {
            "hashes": [
                "sha256:1c19957883e0b93d081d41687089ad630e370e26dc49fd9df6951d6c891c4736",
                "sha256:1c71b9716790e202a00ab0931a6d1e25db1aa1198bcacaea2f5329f75d257fff",
                "sha256:3b7a4daf4223dae171a67a89314ac5ca0738e94064a78d99cfd751c55d05f315",
                "sha256:3e19be3441134445347af3767fa7770137d472a484070840eee6653b94ac5576",
                "sha256:6e265c8f3da00b015d24b842bfeb111f856b13d24f2c57036582568dc650d6c3",
                "sha256:809c9cef0402e3e48b5a1dddc390a8a6ff58b15362ea5714494073fa46c3d293",
                "sha256:b4d1b735bf5b120813f4c89db8ac22d89162c558cbd7fdd298866125fe906219",
                "sha256:bbffac64cfd01c6bcf90eb1bedc6c80501c4dae8aef4ad6d6dd49f8f05f6fc5a",
                "sha256:bfcea4f189177b2d2ce4a34b03c4ac32c5b4c22e21f5b093d9d315e6e253cd81"
            ],
            "index": "pypi",
            "version": "==5.4.8"
        },
        "pygments": {
            "hashes": [
                "sha256:78f3f434bcc5d6ee09020f92ba487f95ba50f1e3ef83ae96b9d5ffa1bab25c5d",
                "sha256:dbae1046def0efb574852fab9e90209b23f556367b5a320c0bcb871c77c3e8cc"
            ],
            "version": "==2.2.0"
        },
        "pymongo": {
            "hashes": [
                "sha256:025f94fc1e1364f00e50badc88c47f98af20012f23317234e51a11333ef986e6",
                "sha256:02aa7fb282606331aefbc0586e2cf540e9dbe5e343493295e7f390936ad2738e",
                "sha256:057210e831573e932702cf332012ed39da78edf0f02d24a3f0b213264a87a397",
                "sha256:0d946b79c56187fe139276d4c8ed612a27a616966c8b9779d6b79e2053587c8b",
                "sha256:104790893b928d310aae8a955e0bdbaa442fb0ac0a33d1bbb0741c791a407778",
                "sha256:15527ef218d95a8717486106553b0d54ff2641e795b65668754e17ab9ca6e381",
                "sha256:1826527a0b032f6e20e7ac7f72d7c26dd476a5e5aa82c04aa1c7088a59fded7d",
                "sha256:22e3aa4ce1c3eebc7f70f9ca7fd4ce1ea33e8bdb7b61996806cd312f08f84a3a",
                "sha256:244e1101e9a48615b9a16cbd194f73c115fdfefc96894803158608115f703b26",
                "sha256:24b8c04fdb633a84829d03909752c385faef249c06114cc8d8e1700b95aae5c8",
                "sha256:2c276696350785d3104412cbe3ac70ab1e3a10c408e7b20599ee41403a3ed630",
                "sha256:2d8474dc833b1182b651b184ace997a7bd83de0f51244de988d3c30e49f07de3",
                "sha256:3119b57fe1d964781e91a53e81532c85ed1701baaddec592e22f6b77a9fdf3df",
                "sha256:3bee8e7e0709b0fcdaa498a3e513bde9ffc7cd09dbceb11e425bd91c89dbd5b6",
                "sha256:436c071e01a464753d30dbfc8768dd93aecf2a8e378e5314d130b95e77b4d612",
                "sha256:46635e3f19ad04d5a7d7cf23d232388ddbfccf46d9a3b7436b6abadda4e84813",
                "sha256:4772e0b679717e7ac4608d996f57b6f380748a919b457cb05bb941467b888b22",
                "sha256:4e2cd80e16f481a62c3175b607373200e714ed29025f21559ebf7524f295689f",
                "sha256:52732960efa0e003ca1c092dc0a3c65276e897681287a788a01ca78dda3b41f0",
                "sha256:55a7de51ec7d1731b2431886d0349146645f2816e5b8eb982d7c49f89472c9f3",
                "sha256:5f8ed5934197a2d4b2087646e98de3e099a237099dcf498b9e38dd3465f74ef4",
                "sha256:64b064124fcbc8eb04a155117dc4d9a336e3cda3f069958fbc44fe70c3c3d1e9",
                "sha256:65958b8e4319f992e85dad59d8081888b97fcdbde5f0d14bc28f2848b92d3ef1",
                "sha256:7683428862e20c6a790c19e64f8ccf487f613fbc83d47e3d532df9c81668d451",
                "sha256:78566d5570c75a127c2491e343dc006798a384f06be588fe9b0cbe5595711559",
                "sha256:7d1cb00c093dbf1d0b16ccf123e79dee3b82608e4a2a88947695f0460eef13ff",
                "sha256:8c74e2a9b594f7962c62cef7680a4cb92a96b4e6e3c2f970790da67cc0213a7e",
                "sha256:8e60aa7699170f55f4b0f56ee6f8415229777ac7e4b4b1aa41fc61eec08c1f1d",
                "sha256:9447b561529576d89d3bf973e5241a88cf76e45bd101963f5236888713dea774",
                "sha256:970055bfeb0be373f2f5299a3db8432444bad3bc2f198753ee6c2a3a781e0959",
                "sha256:a6344b8542e584e140dc3c651d68bde51270e79490aa9320f9e708f9b2c39bd5",
                "sha256:ce309ca470d747b02ba6069d286a17b7df8e9c94d10d727d9cf3a64e51d85184",
                "sha256:cfbd86ed4c2b2ac71bbdbcea6669bf295def7152e3722ddd9dda94ac7981f33d",
                "sha256:d7929c513732dff093481f4a0954ed5ff16816365842136b17caa0b4992e49d3"
            ],
            "version": "==3.7.2"
        },
        "pyparsing": {
            "hashes": [
                "sha256:40856e74d4987de5d01761a22d1621ae1c7f8774585acae358aa5c5936c6c90b",
                "sha256:f353aab21fd474459d97b709e527b5571314ee5f067441dc9f88e33eecd96592"
            ],
            "version": "==2.3.0"
        },
        "pysocks": {
            "hashes": [
                "sha256:3fe52c55890a248676fd69dc9e3c4e811718b777834bcaab7a8125cf9deac672"
            ],
            "markers": "extra == 'socks'",
            "version": "==1.6.8"
        },
        "python-dateutil": {
            "hashes": [
                "sha256:063df5763652e21de43de7d9e00ccf239f953a832941e37be541614732cdfc93",
                "sha256:88f9287c0174266bb0d8cedd395cfba9c58e87e5ad86b2ce58859bc11be3cf02"
            ],
            "index": "pypi",
            "version": "==2.7.5"
        },
        "python-magic": {
            "hashes": [
                "sha256:f2674dcfad52ae6c49d4803fa027809540b130db1dec928cfbb9240316831375",
                "sha256:f3765c0f582d2dfc72c15f3b5a82aecfae9498bd29ca840d72f37d7bd38bfcd5"
            ],
            "index": "pypi",
            "version": "==0.4.15"
        },
        "pythonwhois": {
            "git": "https://github.com/joepie91/python-whois",
            "ref": "7b0ddf755b3d706860d5d8cb80c598fd854a48ca"
        },
        "pytz": {
            "hashes": [
                "sha256:31cb35c89bd7d333cd32c5f278fca91b523b0834369e757f4c5641ea252236ca",
                "sha256:8e0f8568c118d3077b46be7d654cc8167fa916092e28320cde048e54bfc9f1e6"
            ],
            "version": "==2018.7"
        },
        "readability-lxml": {
            "hashes": [
                "sha256:b6b30684e302802cdab490dc5093555bfebba663eb569814225939c6b0dead3f"
            ],
            "index": "pypi",
            "version": "==0.7"
        },
        "redis": {
            "hashes": [
                "sha256:8a1900a9f2a0a44ecf6e8b5eb3e967a9909dfed219ad66df094f27f7d6f330fb",
                "sha256:a22ca993cea2962dbb588f9f30d0015ac4afcc45bee27d3978c0dbe9e97c6c0f"
            ],
            "index": "pypi",
            "version": "==2.10.6"
        },
        "requests": {
            "extras": [
                "socks"
            ],
            "hashes": [
                "sha256:99dcfdaaeb17caf6e526f32b6a7b780461512ab3f1d992187801694cba42770c",
                "sha256:a84b8c9ab6239b578f22d1c21d51b696dcfe004032bb80ea832398d6909d7279"
            ],
            "index": "pypi",
            "version": "==2.20.0"
        },
        "requests-file": {
            "hashes": [
                "sha256:75c175eed739270aec3c5279ffd74e6527dada275c5c0d76b5817e9c86bb7dea",
                "sha256:8f04aa6201bacda0567e7ac7f677f1499b0fc76b22140c54bc06edf1ba92e2fa"
            ],
            "version": "==1.4.3"
        },
        "shodan": {
            "hashes": [
                "sha256:c40abb6ff2fd66bdee9f773746fb961eefdfaa8e720a07cb12fb70def136268d"
            ],
            "index": "pypi",
            "version": "==1.10.4"
        },
        "simplejson": {
            "hashes": [
                "sha256:067a7177ddfa32e1483ba5169ebea1bc2ea27f224853211ca669325648ca5642",
                "sha256:2fc546e6af49fb45b93bbe878dea4c48edc34083729c0abd09981fe55bdf7f91",
                "sha256:354fa32b02885e6dae925f1b5bbf842c333c1e11ea5453ddd67309dc31fdb40a",
                "sha256:37e685986cf6f8144607f90340cff72d36acf654f3653a6c47b84c5c38d00df7",
                "sha256:3af610ee72efbe644e19d5eaad575c73fb83026192114e5f6719f4901097fce2",
                "sha256:3b919fc9cf508f13b929a9b274c40786036b31ad28657819b3b9ba44ba651f50",
                "sha256:3dd289368bbd064974d9a5961101f080e939cbe051e6689a193c99fb6e9ac89b",
                "sha256:6c3258ffff58712818a233b9737fe4be943d306c40cf63d14ddc82ba563f483a",
                "sha256:75e3f0b12c28945c08f54350d91e624f8dd580ab74fd4f1bbea54bc6b0165610",
                "sha256:b1f329139ba647a9548aa05fb95d046b4a677643070dc2afc05fa2e975d09ca5",
                "sha256:ee9625fc8ee164902dfbb0ff932b26df112da9f871c32f0f9c1bcf20c350fe2a",
                "sha256:fb2530b53c28f0d4d84990e945c2ebb470edb469d63e389bf02ff409012fe7c5"
            ],
            "index": "pypi",
            "version": "==3.16.0"
        },
        "six": {
            "hashes": [
                "sha256:70e8a77beed4562e7f14fe23a786b54f6296e34344c23bc42f07b15018ff98e9",
                "sha256:832dc0e10feb1aa2c68dcc57dbb658f1c7e65b9b61af69048abc87a2db00a0eb"
            ],
            "version": "==1.11.0"
        },
        "snowballstemmer": {
            "hashes": [
                "sha256:919f26a68b2c17a7634da993d91339e288964f93c274f1343e3bbbe2096e1128",
                "sha256:9f3bcd3c401c3e862ec0ebe6d2c069ebc012ce142cce209c098ccb5b09136e89"
            ],
            "version": "==1.2.1"
        },
        "sphinx": {
            "hashes": [
                "sha256:652eb8c566f18823a022bb4b6dbc868d366df332a11a0226b5bc3a798a479f17",
                "sha256:d222626d8356de702431e813a05c68a35967e3d66c6cd1c2c89539bb179a7464"
            ],
            "index": "pypi",
            "version": "==1.8.1"
        },
        "sphinx-rtd-theme": {
            "hashes": [
                "sha256:02f02a676d6baabb758a20c7a479d58648e0f64f13e07d1b388e9bb2afe86a09",
                "sha256:d0f6bc70f98961145c5b0e26a992829363a197321ba571b31b24ea91879e0c96"
            ],
            "index": "pypi",
            "version": "==0.4.2"
        },
        "sphinxcontrib-httpdomain": {
            "hashes": [
                "sha256:1fb5375007d70bf180cdd1c79e741082be7aa2d37ba99efe561e1c2e3f38191e",
                "sha256:ac40b4fba58c76b073b03931c7b8ead611066a6aebccafb34dc19694f4eb6335"
            ],
            "index": "pypi",
            "version": "==1.7.0"
        },
        "sphinxcontrib-websupport": {
            "hashes": [
                "sha256:68ca7ff70785cbe1e7bccc71a48b5b6d965d79ca50629606c7861a21b206d9dd",
                "sha256:9de47f375baf1ea07cdb3436ff39d7a9c76042c10a769c52353ec46e4e8fc3b9"
            ],
            "version": "==1.1.0"
        },
        "tldextract": {
            "hashes": [
                "sha256:29797125db1f2e72ce2ee51f7a764ec8b1e6588812520795ffeae93bcd46bab4",
                "sha256:84a0b275c262e34df7506e10767e357e8b5a755a3a620cdc2cfe035061f7806d"
            ],
            "index": "pypi",
            "version": "==2.2.0"
        },
        "typing": {
            "hashes": [
                "sha256:4027c5f6127a6267a435201981ba156de91ad0d1d98e9ddc2aa173453453492d",
                "sha256:57dcf675a99b74d64dacf6fba08fb17cf7e3d5fdff53d4a30ea2a5e7e52543d4",
                "sha256:a4c8473ce11a65999c8f59cb093e70686b6c84c98df58c1dae9b3b196089858a"
            ],
            "markers": "python_version < '3.5'",
            "version": "==3.6.6"
        },
        "urllib3": {
            "hashes": [
                "sha256:41c3db2fc01e5b907288010dec72f9d0a74e37d6994e6eb56849f59fea2265ae",
                "sha256:8819bba37a02d143296a4d032373c4dd4aca11f6d4c9973335ca75f9c8475f59"
            ],
            "version": "==1.24"
        },
        "urlnorm": {
            "hashes": [
                "sha256:3cde99b7ec8edb6768dfecbed5d97e9bd0c784b0593ee28a3f83b20419dcd75e"
            ],
            "index": "pypi",
            "version": "==1.1.4"
        },
        "vine": {
            "hashes": [
                "sha256:52116d59bc45392af9fdd3b75ed98ae48a93e822cee21e5fda249105c59a7a72",
                "sha256:6849544be74ec3638e84d90bc1cf2e1e9224cc10d96cd4383ec3f69e9bce077b"
            ],
            "version": "==1.1.4"
        },
        "werkzeug": {
            "hashes": [
                "sha256:c3fd7a7d41976d9f44db327260e263132466836cef6f91512889ed60ad26557c",
                "sha256:d5da73735293558eb1651ee2fddc4d0dedcfa06538b8813a2e20011583c9e49b"
            ],
            "version": "==0.14.1"
        },
        "wtforms": {
            "hashes": [
                "sha256:0cdbac3e7f6878086c334aa25dc5a33869a3954e9d1e015130d65a69309b3b61",
                "sha256:e3ee092c827582c50877cdbd49e9ce6d2c5c1f6561f849b3b068c1b8029626f1"
            ],
            "version": "==2.2.1"
        },
        "xlsxwriter": {
            "hashes": [
                "sha256:7cc07619760641b67112dbe0df938399d4d915d9b9924bb58eb5c17384d29cc6",
                "sha256:ae22658a0fc5b9e875fa97c213d1ffd617d86dc49bf08be99ebdac814db7bf36"
            ],
            "version": "==1.1.2"
        },
        "yara-python": {
            "hashes": [
                "sha256:03e5c5e333c8572e7994b0b11964d515d61a393f23c5e272f8d0e4229f368c58",
                "sha256:0423e08bd618752a028ac0405ff8e0103f3a8fd607dde7618a64a4c010c3757b",
                "sha256:0a0dd632dcdb347d1a9a8b1f6a83b3a77d5e63f691357ea4021fb1cf1d7ff0a4",
                "sha256:728b99627a8072a877eaaa4dafb4eff39d1b14ff4fd70d39f18899ce81e29625",
                "sha256:7cb0d5724eccfa52e1bcd352a56cb4dc422aa51f5f6d0945d4f830783927513b",
                "sha256:8c76531e89806c0309586dd4863a972d12f1d5d63261c6d4b9331a99859fd1d8",
                "sha256:9472676583e212bc4e17c2236634e02273d53c872b350f0571b48e06183de233",
                "sha256:9735b680a7d95c1d3f255c351bb067edc62cdb3c0999f7064278cb2c85245405",
                "sha256:997f104590167220a9af5564c042ec4d6534261e7b8a5b49655d8dffecc6b8a2",
                "sha256:a48e071d02a3699363e628ac899b5b7237803bcb4b512c92ebcb4fb9b1488497",
                "sha256:b67c0d75a6519ca357b4b85ede9768c96a81fff20fbc169bd805ff009ddee561"
            ],
            "index": "pypi",
            "version": "==3.8.1"
        }
    },
    "develop": {}
}
