# THIS IS AN AUTOGENERATED FILE. DO NOT EDIT THIS FILE DIRECTLY.
# yarn lockfile v1


"@apidevtools/json-schema-ref-parser@9.0.9":
  "integrity" "sha512-GBD2Le9w2+lVFoc4vswGI/TjkNIZSVp7+9xPf+X3uidBfWnAeUWmquteSyt0+VCrhNMWj/FTABISQrD3Z/YA+w=="
  "resolved" "https://registry.npmjs.org/@apidevtools/json-schema-ref-parser/-/json-schema-ref-parser-9.0.9.tgz"
  "version" "9.0.9"
  dependencies:
    "@jsdevtools/ono" "^7.1.3"
    "@types/json-schema" "^7.0.6"
    "call-me-maybe" "^1.0.1"
    "js-yaml" "^4.1.0"

"@jsdevtools/ono@^7.1.3":
  "integrity" "sha512-4JQNk+3mVzK3xh2rqd6RB4J46qUR19azEHBneZyTZM+c456qOrbbM/5xcR8huNCCcbVt7+UmizG6GuUvPvKUYg=="
  "resolved" "https://registry.npmjs.org/@jsdevtools/ono/-/ono-7.1.3.tgz"
  "version" "7.1.3"

"@types/json-schema@^7.0.6":
  "integrity" "sha512-wOuvG1SN4Us4rez+tylwwwCV1psiNVOkJeM3AUWUNWg/jDQY2+HE/444y5gc+jBmRqASOm2Oeh5c1axHobwRKQ=="
  "resolved" "https://registry.npmjs.org/@types/json-schema/-/json-schema-7.0.11.tgz"
  "version" "7.0.11"

"argparse@^2.0.1":
  "integrity" "sha512-8+9WqebbFzpX9OR+Wa6O29asIogeRMzcGtAINdpMHHyAg10f05aSFVBbcEqGf/PXw1EjAZ+q2/bEBg3DvurK3Q=="
  "resolved" "https://registry.npmjs.org/argparse/-/argparse-2.0.1.tgz"
  "version" "2.0.1"

"call-me-maybe@^1.0.1":
  "integrity" "sha512-HpX65o1Hnr9HH25ojC1YGs7HCQLq0GCOibSaWER0eNpgJ/Z1MZv2mTc7+xh6WOPxbRVcmgbv4hGU+uSQ/2xFZQ=="
  "resolved" "https://registry.npmjs.org/call-me-maybe/-/call-me-maybe-1.0.2.tgz"
  "version" "1.0.2"

"camelcase@^6.3.0":
  "integrity" "sha512-Gmy6FhYlCY7uOElZUSbxo2UCDH8owEk996gkbrpsgGtrJLM3J7jGxl9Ic7Qwwj4ivOE5AWZWRMecDdF7hqGjFA=="
  "resolved" "https://registry.npmjs.org/camelcase/-/camelcase-6.3.0.tgz"
  "version" "6.3.0"

"commander@^10.0.0":
  "integrity" "sha512-zS5PnTI22FIRM6ylNW8G4Ap0IEOyk62fhLSD0+uHRT9McRCLGpkVNvao4bjimpK/GShynyQkFFxHhwMcETmduA=="
  "resolved" "https://registry.npmjs.org/commander/-/commander-10.0.0.tgz"
  "version" "10.0.0"

"commander@~2.20.3":
  "integrity" "sha512-GpVkmM8vF2vQUkj2LvZmD35JxeJOLCwJ9cUkugyk2nuhbv3+mJvpLYYt+0+USMxE+oj+ey/lJEnhZw75x/OMcQ=="
  "resolved" "https://registry.npmjs.org/commander/-/commander-2.20.3.tgz"
  "version" "2.20.3"

"fs-extra@^11.1.1":
  "integrity" "sha512-MGIE4HOvQCeUCzmlHs0vXpih4ysz4wg9qiSAu6cd42lVwPbTM1TjV7RusoyQqMmk/95gdQZX72u+YW+c3eEpFQ=="
  "resolved" "https://registry.npmjs.org/fs-extra/-/fs-extra-11.1.1.tgz"
  "version" "11.1.1"
  dependencies:
    "graceful-fs" "^4.2.0"
    "jsonfile" "^6.0.1"
    "universalify" "^2.0.0"

"graceful-fs@^4.1.6", "graceful-fs@^4.2.0":
  "integrity" "sha512-RbJ5/jmFcNNCcDV5o9eTnBLJ/HszWV0P73bc+Ff4nS/rJj+YaS6IGyiOL0VoBYX+l1Wrl3k63h/KrH+nhJ0XvQ=="
  "resolved" "https://registry.npmjs.org/graceful-fs/-/graceful-fs-4.2.11.tgz"
  "version" "4.2.11"

"handlebars@^4.7.7":
  "integrity" "sha512-aAcXm5OAfE/8IXkcZvCepKU3VzW1/39Fb5ZuqMtgI/hT8X2YgoMvBY5dLhq/cpOvw7Lk1nK/UF71aLG/ZnVYRA=="
  "resolved" "https://registry.npmjs.org/handlebars/-/handlebars-4.7.7.tgz"
  "version" "4.7.7"
  dependencies:
    "minimist" "^1.2.5"
    "neo-async" "^2.6.0"
    "source-map" "^0.6.1"
    "wordwrap" "^1.0.0"
  optionalDependencies:
    "uglify-js" "^3.1.4"

"js-yaml@^4.1.0":
  "integrity" "sha512-wpxZs9NoxZaJESJGIZTyDEaYpl0FKSA+FB9aJiyemKhMwkxQg63h4T1KJgUGHpTqPDNRcmmYLugrRjJlBtWvRA=="
  "resolved" "https://registry.npmjs.org/js-yaml/-/js-yaml-4.1.0.tgz"
  "version" "4.1.0"
  dependencies:
    "argparse" "^2.0.1"

"json-schema-ref-parser@^9.0.9":
  "integrity" "sha512-qcP2lmGy+JUoQJ4DOQeLaZDqH9qSkeGCK3suKWxJXS82dg728Mn3j97azDMaOUmJAN4uCq91LdPx4K7E8F1a7Q=="
  "resolved" "https://registry.npmjs.org/json-schema-ref-parser/-/json-schema-ref-parser-9.0.9.tgz"
  "version" "9.0.9"
  dependencies:
    "@apidevtools/json-schema-ref-parser" "9.0.9"

"jsonfile@^6.0.1":
  "integrity" "sha512-5dgndWOriYSm5cnYaJNhalLNDKOqFwyDB/rr1E9ZsGciGvKPs8R2xYGCacuf3z6K1YKDz182fd+fY3cn3pMqXQ=="
  "resolved" "https://registry.npmjs.org/jsonfile/-/jsonfile-6.1.0.tgz"
  "version" "6.1.0"
  dependencies:
    "universalify" "^2.0.0"
  optionalDependencies:
    "graceful-fs" "^4.1.6"

"minimist@^1.2.5":
  "integrity" "sha512-FM9nNUYrRBAELZQT3xeZQ7fmMOBg6nWNmJKTcgsJeaLstP/UODVpGsr5OhXhhXg6f+qtJ8uiZ+PUxkDWcgIXLw=="
  "resolved" "https://registry.npmjs.org/minimist/-/minimist-1.2.5.tgz"
  "version" "1.2.5"

"neo-async@^2.6.0":
  "integrity" "sha512-iyam8fBuCUpWeKPGpaNMetEocMt364qkCsfL9JuhjXX6dRnguRVOfk2GZaDpPjcOKiiXCPINZC1GczQ7iTq3Zw=="
  "resolved" "https://registry.npmjs.org/neo-async/-/neo-async-2.6.1.tgz"
  "version" "2.6.1"

"openapi-typescript-codegen@^0.24.0":
  "integrity" "sha512-rSt8t1XbMWhv6Db7GUI24NNli7FU5kzHLxcE8BpzgGWRdWyWt9IB2YoLyPahxNrVA7yOaVgnXPkrcTDRMQtJYg=="
  "resolved" "https://registry.npmjs.org/openapi-typescript-codegen/-/openapi-typescript-codegen-0.24.0.tgz"
  "version" "0.24.0"
  dependencies:
    "camelcase" "^6.3.0"
    "commander" "^10.0.0"
    "fs-extra" "^11.1.1"
    "handlebars" "^4.7.7"
    "json-schema-ref-parser" "^9.0.9"

"source-map@^0.6.1", "source-map@~0.6.1":
  "integrity" "sha512-UjgapumWlbMhkBgzT7Ykc5YXUT46F0iKu8SGXq0bcwP5dz/h0Plj6enJqjz1Zbq2l5WaqYnrVbwWOWMyF3F47g=="
  "resolved" "https://registry.npmjs.org/source-map/-/source-map-0.6.1.tgz"
  "version" "0.6.1"

"uglify-js@^3.1.4":
  "integrity" "sha512-7tINm46/3puUA4hCkKYo4Xdts+JDaVC9ZPRcG8Xw9R4nhO/gZgUM3TENq8IF4Vatk8qCig4MzP/c8G4u2BkVQg=="
  "resolved" "https://registry.npmjs.org/uglify-js/-/uglify-js-3.7.3.tgz"
  "version" "3.7.3"
  dependencies:
    "commander" "~2.20.3"
    "source-map" "~0.6.1"

"universalify@^2.0.0":
  "integrity" "sha512-hAZsKq7Yy11Zu1DE0OzWjw7nnLZmJZYTDZZyEFHZdUhV8FkH5MCfoU1XMaxXovpyW5nq5scPqq0ZDP9Zyl04oQ=="
  "resolved" "https://registry.npmjs.org/universalify/-/universalify-2.0.0.tgz"
  "version" "2.0.0"

"wordwrap@^1.0.0":
  "integrity" "sha512-gvVzJFlPycKc5dZN4yPkP8w7Dc37BtP1yczEneOb4uq34pXZcvrtRTmWV8W+Ume+XCxKgbjM+nevkyFPMybd4Q=="
  "resolved" "https://registry.npmjs.org/wordwrap/-/wordwrap-1.0.0.tgz"
  "version" "1.0.0"
